
Microsoft Visual Studio Solution File, Format Version 12.00
# Visual Studio Version 16
VisualStudioVersion = 16.0.30225.117
MinimumVisualStudioVersion = 10.0.40219.1
Project("{8BC9CEB8-8B4A-11D0-8D11-00A0C91BC942}") = "01模板", "01模板\01模板.vcxproj", "{C9EF0D09-3C57-466A-A154-C5A47EA60748}"
EndProject
Project("{8BC9CEB8-8B4A-11D0-8D11-00A0C91BC942}") = "02类模板", "02类模板\02类模板.vcxproj", "{A57F943E-8FE1-4511-9B2F-908A2CB216A7}"
EndProject
Project("{8BC9CEB8-8B4A-11D0-8D11-00A0C91BC942}") = "03STL初识", "01STL初识\01STL初识.vcxproj", "{4BEA542C-6901-450E-911D-C4111B2E4C5F}"
EndProject
Project("{8BC9CEB8-8B4A-11D0-8D11-00A0C91BC942}") = "04string容器", "04 string容器\04 string容器.vcxproj", "{D0F4EB6B-A851-4802-BF40-6E835C0DB06F}"
EndProject
Project("{8BC9CEB8-8B4A-11D0-8D11-00A0C91BC942}") = "05vector容器", "05vector容器\05vector容器.vcxproj", "{1F930259-2A3A-4088-B573-CB7CE53F599B}"
EndProject
Project("{8BC9CEB8-8B4A-11D0-8D11-00A0C91BC942}") = "06deque容器", "06deque容器\06deque容器.vcxproj", "{D0E9F7AA-5253-4BA1-9D13-EE2DA58143BC}"
EndProject
Project("{8BC9CEB8-8B4A-11D0-8D11-00A0C91BC942}") = "07stack容器", "07stack容器\07stack容器.vcxproj", "{2A8D8B7F-C827-4EBD-936E-F8DE239D5368}"
EndProject
Project("{8BC9CEB8-8B4A-11D0-8D11-00A0C91BC942}") = "08queue容器", "08 queue容器\08 queue容器.vcxproj", "{19C18F10-E121-4C86-8A9D-B6FA4D70AE11}"
EndProject
Project("{8BC9CEB8-8B4A-11D0-8D11-00A0C91BC942}") = "09list容器", "09 list容器\09 list容器.vcxproj", "{CC25BD28-A6A2-4F1E-9C94-6E16E875CF7B}"
EndProject
Project("{8BC9CEB8-8B4A-11D0-8D11-00A0C91BC942}") = "10set multiset容器", "10 set multiset容器\10 set multiset容器.vcxproj", "{272608AD-1719-4DFD-BC4F-23C207AD6AD6}"
EndProject
Project("{8BC9CEB8-8B4A-11D0-8D11-00A0C91BC942}") = "11map multimap容器", "11map multimap容器\11map multimap容器.vcxproj", "{215CC95B-5E29-402E-9C16-4D54A43C4287}"
EndProject
Project("{8BC9CEB8-8B4A-11D0-8D11-00A0C91BC942}") = "12函数对象基本使用", "12函数对象基本使用\12函数对象基本使用.vcxproj", "{6797B784-B424-4807-B84E-F20DDBDBF963}"
EndProject
Project("{8BC9CEB8-8B4A-11D0-8D11-00A0C91BC942}") = "13常用遍历算法", "13常用遍历算法\13常用遍历算法.vcxproj", "{E1B6110B-6F96-4175-B067-FFC9A5FB7053}"
EndProject
Project("{8BC9CEB8-8B4A-11D0-8D11-00A0C91BC942}") = "14常用查找算法", "14常用查找算法\14常用查找算法.vcxproj", "{7DB78DE1-2656-46A5-90B6-3790F83F120E}"
EndProject
Project("{8BC9CEB8-8B4A-11D0-8D11-00A0C91BC942}") = "15常用排序算法", "14常用排序算法\14常用排序算法.vcxproj", "{0962FE13-35F5-4304-BD1F-E0D600F3A55C}"
EndProject
Project("{8BC9CEB8-8B4A-11D0-8D11-00A0C91BC942}") = "16常用的拷贝和替换算法", "16常用的拷贝和替换算法\16常用的拷贝和替换算法.vcxproj", "{55772AF8-692C-42AE-BC44-34FDECD3EAA9}"
EndProject
Project("{8BC9CEB8-8B4A-11D0-8D11-00A0C91BC942}") = "17常用算法生成算法", "17常用算法生成算法\17常用算法生成算法.vcxproj", "{A36B9CC8-922B-4883-820E-357A179B6777}"
EndProject
Project("{8BC9CEB8-8B4A-11D0-8D11-00A0C91BC942}") = "18 常用集合算法", "18 常用集合算法\18 常用集合算法.vcxproj", "{20716D18-C691-4E01-94DB-5692E8B3D908}"
EndProject
Global
	GlobalSection(SolutionConfigurationPlatforms) = preSolution
		Debug|x64 = Debug|x64
		Debug|x86 = Debug|x86
		Release|x64 = Release|x64
		Release|x86 = Release|x86
	EndGlobalSection
	GlobalSection(ProjectConfigurationPlatforms) = postSolution
		{C9EF0D09-3C57-466A-A154-C5A47EA60748}.Debug|x64.ActiveCfg = Debug|x64
		{C9EF0D09-3C57-466A-A154-C5A47EA60748}.Debug|x64.Build.0 = Debug|x64
		{C9EF0D09-3C57-466A-A154-C5A47EA60748}.Debug|x86.ActiveCfg = Debug|Win32
		{C9EF0D09-3C57-466A-A154-C5A47EA60748}.Debug|x86.Build.0 = Debug|Win32
		{C9EF0D09-3C57-466A-A154-C5A47EA60748}.Release|x64.ActiveCfg = Release|x64
		{C9EF0D09-3C57-466A-A154-C5A47EA60748}.Release|x64.Build.0 = Release|x64
		{C9EF0D09-3C57-466A-A154-C5A47EA60748}.Release|x86.ActiveCfg = Release|Win32
		{C9EF0D09-3C57-466A-A154-C5A47EA60748}.Release|x86.Build.0 = Release|Win32
		{A57F943E-8FE1-4511-9B2F-908A2CB216A7}.Debug|x64.ActiveCfg = Debug|x64
		{A57F943E-8FE1-4511-9B2F-908A2CB216A7}.Debug|x64.Build.0 = Debug|x64
		{A57F943E-8FE1-4511-9B2F-908A2CB216A7}.Debug|x86.ActiveCfg = Debug|Win32
		{A57F943E-8FE1-4511-9B2F-908A2CB216A7}.Debug|x86.Build.0 = Debug|Win32
		{A57F943E-8FE1-4511-9B2F-908A2CB216A7}.Release|x64.ActiveCfg = Release|x64
		{A57F943E-8FE1-4511-9B2F-908A2CB216A7}.Release|x64.Build.0 = Release|x64
		{A57F943E-8FE1-4511-9B2F-908A2CB216A7}.Release|x86.ActiveCfg = Release|Win32
		{A57F943E-8FE1-4511-9B2F-908A2CB216A7}.Release|x86.Build.0 = Release|Win32
		{4BEA542C-6901-450E-911D-C4111B2E4C5F}.Debug|x64.ActiveCfg = Debug|x64
		{4BEA542C-6901-450E-911D-C4111B2E4C5F}.Debug|x64.Build.0 = Debug|x64
		{4BEA542C-6901-450E-911D-C4111B2E4C5F}.Debug|x86.ActiveCfg = Debug|Win32
		{4BEA542C-6901-450E-911D-C4111B2E4C5F}.Debug|x86.Build.0 = Debug|Win32
		{4BEA542C-6901-450E-911D-C4111B2E4C5F}.Release|x64.ActiveCfg = Release|x64
		{4BEA542C-6901-450E-911D-C4111B2E4C5F}.Release|x64.Build.0 = Release|x64
		{4BEA542C-6901-450E-911D-C4111B2E4C5F}.Release|x86.ActiveCfg = Release|Win32
		{4BEA542C-6901-450E-911D-C4111B2E4C5F}.Release|x86.Build.0 = Release|Win32
		{D0F4EB6B-A851-4802-BF40-6E835C0DB06F}.Debug|x64.ActiveCfg = Debug|x64
		{D0F4EB6B-A851-4802-BF40-6E835C0DB06F}.Debug|x64.Build.0 = Debug|x64
		{D0F4EB6B-A851-4802-BF40-6E835C0DB06F}.Debug|x86.ActiveCfg = Debug|Win32
		{D0F4EB6B-A851-4802-BF40-6E835C0DB06F}.Debug|x86.Build.0 = Debug|Win32
		{D0F4EB6B-A851-4802-BF40-6E835C0DB06F}.Release|x64.ActiveCfg = Release|x64
		{D0F4EB6B-A851-4802-BF40-6E835C0DB06F}.Release|x64.Build.0 = Release|x64
		{D0F4EB6B-A851-4802-BF40-6E835C0DB06F}.Release|x86.ActiveCfg = Release|Win32
		{D0F4EB6B-A851-4802-BF40-6E835C0DB06F}.Release|x86.Build.0 = Release|Win32
		{1F930259-2A3A-4088-B573-CB7CE53F599B}.Debug|x64.ActiveCfg = Debug|x64
		{1F930259-2A3A-4088-B573-CB7CE53F599B}.Debug|x64.Build.0 = Debug|x64
		{1F930259-2A3A-4088-B573-CB7CE53F599B}.Debug|x86.ActiveCfg = Debug|Win32
		{1F930259-2A3A-4088-B573-CB7CE53F599B}.Debug|x86.Build.0 = Debug|Win32
		{1F930259-2A3A-4088-B573-CB7CE53F599B}.Release|x64.ActiveCfg = Release|x64
		{1F930259-2A3A-4088-B573-CB7CE53F599B}.Release|x64.Build.0 = Release|x64
		{1F930259-2A3A-4088-B573-CB7CE53F599B}.Release|x86.ActiveCfg = Release|Win32
		{1F930259-2A3A-4088-B573-CB7CE53F599B}.Release|x86.Build.0 = Release|Win32
		{D0E9F7AA-5253-4BA1-9D13-EE2DA58143BC}.Debug|x64.ActiveCfg = Debug|x64
		{D0E9F7AA-5253-4BA1-9D13-EE2DA58143BC}.Debug|x64.Build.0 = Debug|x64
		{D0E9F7AA-5253-4BA1-9D13-EE2DA58143BC}.Debug|x86.ActiveCfg = Debug|Win32
		{D0E9F7AA-5253-4BA1-9D13-EE2DA58143BC}.Debug|x86.Build.0 = Debug|Win32
		{D0E9F7AA-5253-4BA1-9D13-EE2DA58143BC}.Release|x64.ActiveCfg = Release|x64
		{D0E9F7AA-5253-4BA1-9D13-EE2DA58143BC}.Release|x64.Build.0 = Release|x64
		{D0E9F7AA-5253-4BA1-9D13-EE2DA58143BC}.Release|x86.ActiveCfg = Release|Win32
		{D0E9F7AA-5253-4BA1-9D13-EE2DA58143BC}.Release|x86.Build.0 = Release|Win32
		{2A8D8B7F-C827-4EBD-936E-F8DE239D5368}.Debug|x64.ActiveCfg = Debug|x64
		{2A8D8B7F-C827-4EBD-936E-F8DE239D5368}.Debug|x64.Build.0 = Debug|x64
		{2A8D8B7F-C827-4EBD-936E-F8DE239D5368}.Debug|x86.ActiveCfg = Debug|Win32
		{2A8D8B7F-C827-4EBD-936E-F8DE239D5368}.Debug|x86.Build.0 = Debug|Win32
		{2A8D8B7F-C827-4EBD-936E-F8DE239D5368}.Release|x64.ActiveCfg = Release|x64
		{2A8D8B7F-C827-4EBD-936E-F8DE239D5368}.Release|x64.Build.0 = Release|x64
		{2A8D8B7F-C827-4EBD-936E-F8DE239D5368}.Release|x86.ActiveCfg = Release|Win32
		{2A8D8B7F-C827-4EBD-936E-F8DE239D5368}.Release|x86.Build.0 = Release|Win32
		{19C18F10-E121-4C86-8A9D-B6FA4D70AE11}.Debug|x64.ActiveCfg = Debug|x64
		{19C18F10-E121-4C86-8A9D-B6FA4D70AE11}.Debug|x64.Build.0 = Debug|x64
		{19C18F10-E121-4C86-8A9D-B6FA4D70AE11}.Debug|x86.ActiveCfg = Debug|Win32
		{19C18F10-E121-4C86-8A9D-B6FA4D70AE11}.Debug|x86.Build.0 = Debug|Win32
		{19C18F10-E121-4C86-8A9D-B6FA4D70AE11}.Release|x64.ActiveCfg = Release|x64
		{19C18F10-E121-4C86-8A9D-B6FA4D70AE11}.Release|x64.Build.0 = Release|x64
		{19C18F10-E121-4C86-8A9D-B6FA4D70AE11}.Release|x86.ActiveCfg = Release|Win32
		{19C18F10-E121-4C86-8A9D-B6FA4D70AE11}.Release|x86.Build.0 = Release|Win32
		{CC25BD28-A6A2-4F1E-9C94-6E16E875CF7B}.Debug|x64.ActiveCfg = Debug|x64
		{CC25BD28-A6A2-4F1E-9C94-6E16E875CF7B}.Debug|x64.Build.0 = Debug|x64
		{CC25BD28-A6A2-4F1E-9C94-6E16E875CF7B}.Debug|x86.ActiveCfg = Debug|Win32
		{CC25BD28-A6A2-4F1E-9C94-6E16E875CF7B}.Debug|x86.Build.0 = Debug|Win32
		{CC25BD28-A6A2-4F1E-9C94-6E16E875CF7B}.Release|x64.ActiveCfg = Release|x64
		{CC25BD28-A6A2-4F1E-9C94-6E16E875CF7B}.Release|x64.Build.0 = Release|x64
		{CC25BD28-A6A2-4F1E-9C94-6E16E875CF7B}.Release|x86.ActiveCfg = Release|Win32
		{CC25BD28-A6A2-4F1E-9C94-6E16E875CF7B}.Release|x86.Build.0 = Release|Win32
		{272608AD-1719-4DFD-BC4F-23C207AD6AD6}.Debug|x64.ActiveCfg = Debug|x64
		{272608AD-1719-4DFD-BC4F-23C207AD6AD6}.Debug|x64.Build.0 = Debug|x64
		{272608AD-1719-4DFD-BC4F-23C207AD6AD6}.Debug|x86.ActiveCfg = Debug|Win32
		{272608AD-1719-4DFD-BC4F-23C207AD6AD6}.Debug|x86.Build.0 = Debug|Win32
		{272608AD-1719-4DFD-BC4F-23C207AD6AD6}.Release|x64.ActiveCfg = Release|x64
		{272608AD-1719-4DFD-BC4F-23C207AD6AD6}.Release|x64.Build.0 = Release|x64
		{272608AD-1719-4DFD-BC4F-23C207AD6AD6}.Release|x86.ActiveCfg = Release|Win32
		{272608AD-1719-4DFD-BC4F-23C207AD6AD6}.Release|x86.Build.0 = Release|Win32
		{215CC95B-5E29-402E-9C16-4D54A43C4287}.Debug|x64.ActiveCfg = Debug|x64
		{215CC95B-5E29-402E-9C16-4D54A43C4287}.Debug|x64.Build.0 = Debug|x64
		{215CC95B-5E29-402E-9C16-4D54A43C4287}.Debug|x86.ActiveCfg = Debug|Win32
		{215CC95B-5E29-402E-9C16-4D54A43C4287}.Debug|x86.Build.0 = Debug|Win32
		{215CC95B-5E29-402E-9C16-4D54A43C4287}.Release|x64.ActiveCfg = Release|x64
		{215CC95B-5E29-402E-9C16-4D54A43C4287}.Release|x64.Build.0 = Release|x64
		{215CC95B-5E29-402E-9C16-4D54A43C4287}.Release|x86.ActiveCfg = Release|Win32
		{215CC95B-5E29-402E-9C16-4D54A43C4287}.Release|x86.Build.0 = Release|Win32
		{6797B784-B424-4807-B84E-F20DDBDBF963}.Debug|x64.ActiveCfg = Debug|x64
		{6797B784-B424-4807-B84E-F20DDBDBF963}.Debug|x64.Build.0 = Debug|x64
		{6797B784-B424-4807-B84E-F20DDBDBF963}.Debug|x86.ActiveCfg = Debug|Win32
		{6797B784-B424-4807-B84E-F20DDBDBF963}.Debug|x86.Build.0 = Debug|Win32
		{6797B784-B424-4807-B84E-F20DDBDBF963}.Release|x64.ActiveCfg = Release|x64
		{6797B784-B424-4807-B84E-F20DDBDBF963}.Release|x64.Build.0 = Release|x64
		{6797B784-B424-4807-B84E-F20DDBDBF963}.Release|x86.ActiveCfg = Release|Win32
		{6797B784-B424-4807-B84E-F20DDBDBF963}.Release|x86.Build.0 = Release|Win32
		{E1B6110B-6F96-4175-B067-FFC9A5FB7053}.Debug|x64.ActiveCfg = Debug|x64
		{E1B6110B-6F96-4175-B067-FFC9A5FB7053}.Debug|x64.Build.0 = Debug|x64
		{E1B6110B-6F96-4175-B067-FFC9A5FB7053}.Debug|x86.ActiveCfg = Debug|Win32
		{E1B6110B-6F96-4175-B067-FFC9A5FB7053}.Debug|x86.Build.0 = Debug|Win32
		{E1B6110B-6F96-4175-B067-FFC9A5FB7053}.Release|x64.ActiveCfg = Release|x64
		{E1B6110B-6F96-4175-B067-FFC9A5FB7053}.Release|x64.Build.0 = Release|x64
		{E1B6110B-6F96-4175-B067-FFC9A5FB7053}.Release|x86.ActiveCfg = Release|Win32
		{E1B6110B-6F96-4175-B067-FFC9A5FB7053}.Release|x86.Build.0 = Release|Win32
		{7DB78DE1-2656-46A5-90B6-3790F83F120E}.Debug|x64.ActiveCfg = Debug|x64
		{7DB78DE1-2656-46A5-90B6-3790F83F120E}.Debug|x64.Build.0 = Debug|x64
		{7DB78DE1-2656-46A5-90B6-3790F83F120E}.Debug|x86.ActiveCfg = Debug|Win32
		{7DB78DE1-2656-46A5-90B6-3790F83F120E}.Debug|x86.Build.0 = Debug|Win32
		{7DB78DE1-2656-46A5-90B6-3790F83F120E}.Release|x64.ActiveCfg = Release|x64
		{7DB78DE1-2656-46A5-90B6-3790F83F120E}.Release|x64.Build.0 = Release|x64
		{7DB78DE1-2656-46A5-90B6-3790F83F120E}.Release|x86.ActiveCfg = Release|Win32
		{7DB78DE1-2656-46A5-90B6-3790F83F120E}.Release|x86.Build.0 = Release|Win32
		{0962FE13-35F5-4304-BD1F-E0D600F3A55C}.Debug|x64.ActiveCfg = Debug|x64
		{0962FE13-35F5-4304-BD1F-E0D600F3A55C}.Debug|x64.Build.0 = Debug|x64
		{0962FE13-35F5-4304-BD1F-E0D600F3A55C}.Debug|x86.ActiveCfg = Debug|Win32
		{0962FE13-35F5-4304-BD1F-E0D600F3A55C}.Debug|x86.Build.0 = Debug|Win32
		{0962FE13-35F5-4304-BD1F-E0D600F3A55C}.Release|x64.ActiveCfg = Release|x64
		{0962FE13-35F5-4304-BD1F-E0D600F3A55C}.Release|x64.Build.0 = Release|x64
		{0962FE13-35F5-4304-BD1F-E0D600F3A55C}.Release|x86.ActiveCfg = Release|Win32
		{0962FE13-35F5-4304-BD1F-E0D600F3A55C}.Release|x86.Build.0 = Release|Win32
		{55772AF8-692C-42AE-BC44-34FDECD3EAA9}.Debug|x64.ActiveCfg = Debug|x64
		{55772AF8-692C-42AE-BC44-34FDECD3EAA9}.Debug|x64.Build.0 = Debug|x64
		{55772AF8-692C-42AE-BC44-34FDECD3EAA9}.Debug|x86.ActiveCfg = Debug|Win32
		{55772AF8-692C-42AE-BC44-34FDECD3EAA9}.Debug|x86.Build.0 = Debug|Win32
		{55772AF8-692C-42AE-BC44-34FDECD3EAA9}.Release|x64.ActiveCfg = Release|x64
		{55772AF8-692C-42AE-BC44-34FDECD3EAA9}.Release|x64.Build.0 = Release|x64
		{55772AF8-692C-42AE-BC44-34FDECD3EAA9}.Release|x86.ActiveCfg = Release|Win32
		{55772AF8-692C-42AE-BC44-34FDECD3EAA9}.Release|x86.Build.0 = Release|Win32
		{A36B9CC8-922B-4883-820E-357A179B6777}.Debug|x64.ActiveCfg = Debug|x64
		{A36B9CC8-922B-4883-820E-357A179B6777}.Debug|x64.Build.0 = Debug|x64
		{A36B9CC8-922B-4883-820E-357A179B6777}.Debug|x86.ActiveCfg = Debug|Win32
		{A36B9CC8-922B-4883-820E-357A179B6777}.Debug|x86.Build.0 = Debug|Win32
		{A36B9CC8-922B-4883-820E-357A179B6777}.Release|x64.ActiveCfg = Release|x64
		{A36B9CC8-922B-4883-820E-357A179B6777}.Release|x64.Build.0 = Release|x64
		{A36B9CC8-922B-4883-820E-357A179B6777}.Release|x86.ActiveCfg = Release|Win32
		{A36B9CC8-922B-4883-820E-357A179B6777}.Release|x86.Build.0 = Release|Win32
		{20716D18-C691-4E01-94DB-5692E8B3D908}.Debug|x64.ActiveCfg = Debug|x64
		{20716D18-C691-4E01-94DB-5692E8B3D908}.Debug|x64.Build.0 = Debug|x64
		{20716D18-C691-4E01-94DB-5692E8B3D908}.Debug|x86.ActiveCfg = Debug|Win32
		{20716D18-C691-4E01-94DB-5692E8B3D908}.Debug|x86.Build.0 = Debug|Win32
		{20716D18-C691-4E01-94DB-5692E8B3D908}.Release|x64.ActiveCfg = Release|x64
		{20716D18-C691-4E01-94DB-5692E8B3D908}.Release|x64.Build.0 = Release|x64
		{20716D18-C691-4E01-94DB-5692E8B3D908}.Release|x86.ActiveCfg = Release|Win32
		{20716D18-C691-4E01-94DB-5692E8B3D908}.Release|x86.Build.0 = Release|Win32
	EndGlobalSection
	GlobalSection(SolutionProperties) = preSolution
		HideSolutionNode = FALSE
	EndGlobalSection
	GlobalSection(ExtensibilityGlobals) = postSolution
		SolutionGuid = {F909641B-16FD-4AAD-AC4D-EF921DE99AD5}
	EndGlobalSection
EndGlobal
